
Microsoft Visual Studio Solution File, Format Version 12.00
# Visual Studio 15
VisualStudioVersion = 15.0.28010.2046
MinimumVisualStudioVersion = 10.0.40219.1
Project("{FAE04EC0-301F-11D3-BF4B-00C04F79EFBC}") = "TradingApp", "TradingApp\TradingApp.csproj", "{7A2C93AC-4DBD-40F2-B714-573BECD5031B}"
EndProject
Global
	GlobalSection(SolutionConfigurationPlatforms) = preSolution
		Debug|Any CPU = Debug|Any CPU
		Release|Any CPU = Release|Any CPU
	EndGlobalSection
	GlobalSection(ProjectConfigurationPlatforms) = postSolution
		{7A2C93AC-4DBD-40F2-B714-573BECD5031B}.Debug|Any CPU.ActiveCfg = Debug|Any CPU
		{7A2C93AC-4DBD-40F2-B714-573BECD5031B}.Debug|Any CPU.Build.0 = Debug|Any CPU
		{7A2C93AC-4DBD-40F2-B714-573BECD5031B}.Release|Any CPU.ActiveCfg = Release|Any CPU
		{7A2C93AC-4DBD-40F2-B714-573BECD5031B}.Release|Any CPU.Build.0 = Release|Any CPU
	EndGlobalSection
	GlobalSection(SolutionProperties) = preSolution
		HideSolutionNode = FALSE
	EndGlobalSection
	GlobalSection(ExtensibilityGlobals) = postSolution
		SolutionGuid = {8F8D73DE-2D82-413A-9DEB-63C1E1386ED0}
	EndGlobalSection
EndGlobal
